
Microsoft Visual Studio Solution File, Format Version 12.00
# Visual Studio 15
VisualStudioVersion = 15.0.27004.2005
MinimumVisualStudioVersion = 10.0.40219.1
Project("{F184B08F-C81C-45F6-A57F-5ABD9991F28F}") = "Revolution Injector", "Revolution Injector\Revolution Injector.vbproj", "{DF435448-EF58-48C8-9A47-230F4A559699}"
EndProject
Global
	GlobalSection(SolutionConfigurationPlatforms) = preSolution
		Debug|Any CPU = Debug|Any CPU
		Release|Any CPU = Release|Any CPU
	EndGlobalSection
	GlobalSection(ProjectConfigurationPlatforms) = postSolution
		{DF435448-EF58-48C8-9A47-230F4A559699}.Debug|Any CPU.ActiveCfg = Debug|Any CPU
		{DF435448-EF58-48C8-9A47-230F4A559699}.Debug|Any CPU.Build.0 = Debug|Any CPU
		{DF435448-EF58-48C8-9A47-230F4A559699}.Release|Any CPU.ActiveCfg = Release|Any CPU
		{DF435448-EF58-48C8-9A47-230F4A559699}.Release|Any CPU.Build.0 = Release|Any CPU
	EndGlobalSection
	GlobalSection(SolutionProperties) = preSolution
		HideSolutionNode = FALSE
	EndGlobalSection
	GlobalSection(ExtensibilityGlobals) = postSolution
		SolutionGuid = {11BF2D38-BABE-4630-943B-3BBCBE15BF25}
	EndGlobalSection
EndGlobal
